
Microsoft Visual Studio Solution File, Format Version 12.00
# Visual Studio Version 17
VisualStudioVersion = 17.4.33213.308
MinimumVisualStudioVersion = 10.0.40219.1
Project("{FAE04EC0-301F-11D3-BF4B-00C04F79EFBC}") = "I-Parcial", "I-Parcial\I-Parcial.csproj", "{0BD00DE6-9A66-4A47-8924-C8ED0E16EFDC}"
EndProject
Global
	GlobalSection(SolutionConfigurationPlatforms) = preSolution
		Debug|Any CPU = Debug|Any CPU
		Release|Any CPU = Release|Any CPU
	EndGlobalSection
	GlobalSection(ProjectConfigurationPlatforms) = postSolution
		{0BD00DE6-9A66-4A47-8924-C8ED0E16EFDC}.Debug|Any CPU.ActiveCfg = Debug|Any CPU
		{0BD00DE6-9A66-4A47-8924-C8ED0E16EFDC}.Debug|Any CPU.Build.0 = Debug|Any CPU
		{0BD00DE6-9A66-4A47-8924-C8ED0E16EFDC}.Release|Any CPU.ActiveCfg = Release|Any CPU
		{0BD00DE6-9A66-4A47-8924-C8ED0E16EFDC}.Release|Any CPU.Build.0 = Release|Any CPU
	EndGlobalSection
	GlobalSection(SolutionProperties) = preSolution
		HideSolutionNode = FALSE
	EndGlobalSection
	GlobalSection(ExtensibilityGlobals) = postSolution
		SolutionGuid = {9B7EE592-A8AB-4CE8-A059-D94A2798C521}
	EndGlobalSection
EndGlobal
